
Microsoft Visual Studio Solution File, Format Version 12.00
# Visual Studio 15
VisualStudioVersion = 15.0.28307.1000
MinimumVisualStudioVersion = 10.0.40219.1
Project("{FAE04EC0-301F-11D3-BF4B-00C04F79EFBC}") = "WawaMenuApp", "WawaMenuApp\WawaMenuApp.csproj", "{22D7824B-EBA7-4301-B5BF-9A012F29F38F}"
EndProject
Global
	GlobalSection(SolutionConfigurationPlatforms) = preSolution
		Debug|Any CPU = Debug|Any CPU
		Release|Any CPU = Release|Any CPU
	EndGlobalSection
	GlobalSection(ProjectConfigurationPlatforms) = postSolution
		{22D7824B-EBA7-4301-B5BF-9A012F29F38F}.Debug|Any CPU.ActiveCfg = Debug|Any CPU
		{22D7824B-EBA7-4301-B5BF-9A012F29F38F}.Debug|Any CPU.Build.0 = Debug|Any CPU
		{22D7824B-EBA7-4301-B5BF-9A012F29F38F}.Release|Any CPU.ActiveCfg = Release|Any CPU
		{22D7824B-EBA7-4301-B5BF-9A012F29F38F}.Release|Any CPU.Build.0 = Release|Any CPU
	EndGlobalSection
	GlobalSection(SolutionProperties) = preSolution
		HideSolutionNode = FALSE
	EndGlobalSection
	GlobalSection(ExtensibilityGlobals) = postSolution
		SolutionGuid = {7DEBC176-4160-4D7E-BEBA-74150324DBA3}
	EndGlobalSection
EndGlobal
